
Microsoft Visual Studio Solution File, Format Version 12.00
# Visual Studio Version 16
VisualStudioVersion = 25.0.1700.0
MinimumVisualStudioVersion = 10.0.40219.1
Project("{FAE04EC0-301F-11D3-BF4B-00C04F79EFBC}") = "Rogueish", "Rogueish.csproj", "{67599BD1-E203-405B-896C-934BD539E40F}"
EndProject
Global
	GlobalSection(SolutionConfigurationPlatforms) = preSolution
		Debug|Any CPU = Debug|Any CPU
		Release|Any CPU = Release|Any CPU
	EndGlobalSection
	GlobalSection(ProjectConfigurationPlatforms) = postSolution
		{67599BD1-E203-405B-896C-934BD539E40F}.Debug|Any CPU.ActiveCfg = Debug|Any CPU
		{67599BD1-E203-405B-896C-934BD539E40F}.Debug|Any CPU.Build.0 = Debug|Any CPU
		{67599BD1-E203-405B-896C-934BD539E40F}.Release|Any CPU.ActiveCfg = Release|Any CPU
		{67599BD1-E203-405B-896C-934BD539E40F}.Release|Any CPU.Build.0 = Release|Any CPU
	EndGlobalSection
	GlobalSection(SolutionProperties) = preSolution
		HideSolutionNode = FALSE
	EndGlobalSection
	GlobalSection(ExtensibilityGlobals) = postSolution
		SolutionGuid = {2B14E221-5FD1-4D0D-931F-3E5C94789D23}
	EndGlobalSection
EndGlobal
